
Microsoft Visual Studio Solution File, Format Version 12.00
Project("{2150E333-8FDC-42A3-9474-1A3956D46DE8}") = "src", "src", "{8A5F22BD-3B09-4157-8B8C-5155147D5672}"
EndProject
Project("{FAE04EC0-301F-11D3-BF4B-00C04F79EFBC}") = "Worker.CLI", "src\Worker.CLI\Worker.CLI.csproj", "{DCB8A871-6A1D-4AAD-A76D-4FCFF49DBE9A}"
EndProject
Project("{2150E333-8FDC-42A3-9474-1A3956D46DE8}") = "Solution Items", "Solution Items", "{49FE19CE-861D-4A9A-BFB1-215C20530902}"
	ProjectSection(SolutionItems) = preProject
		.gitignore = .gitignore
		README.md = README.md
	EndProjectSection
EndProject
Project("{FAE04EC0-301F-11D3-BF4B-00C04F79EFBC}") = "Master.Rest", "src\Master.Rest\Master.Rest.csproj", "{46E8907B-B23B-495E-995D-6D90C2326E20}"
EndProject
Project("{FAE04EC0-301F-11D3-BF4B-00C04F79EFBC}") = "Master.Domain", "src\Master.Domain\Master.Domain.csproj", "{77C1546B-465D-4C2F-B53E-DF581F0522F8}"
EndProject
Project("{FAE04EC0-301F-11D3-BF4B-00C04F79EFBC}") = "Shared.Domain", "src\Shared.Domain\Shared.Domain.csproj", "{849BA6EF-1412-4E3A-B2C6-1854ABC0BAE9}"
EndProject
Project("{FAE04EC0-301F-11D3-BF4B-00C04F79EFBC}") = "Master.App", "src\Master.App\Master.App.csproj", "{DE3BE815-E2BD-4D38-A190-50D3ECB039D0}"
EndProject
Project("{FAE04EC0-301F-11D3-BF4B-00C04F79EFBC}") = "Control.CLI", "src\Control.CLI\Control.CLI.csproj", "{D89D7757-F7CE-4DB2-895A-8919F4B6B97F}"
EndProject
Project("{FAE04EC0-301F-11D3-BF4B-00C04F79EFBC}") = "Worker.Rest", "src\Worker.Rest\Worker.Rest.csproj", "{A57E3DEF-3984-4B3B-84CF-4BD0864154FA}"
EndProject
Global
	GlobalSection(SolutionConfigurationPlatforms) = preSolution
		Debug|Any CPU = Debug|Any CPU
		Release|Any CPU = Release|Any CPU
	EndGlobalSection
	GlobalSection(NestedProjects) = preSolution
		{DCB8A871-6A1D-4AAD-A76D-4FCFF49DBE9A} = {8A5F22BD-3B09-4157-8B8C-5155147D5672}
		{46E8907B-B23B-495E-995D-6D90C2326E20} = {8A5F22BD-3B09-4157-8B8C-5155147D5672}
		{77C1546B-465D-4C2F-B53E-DF581F0522F8} = {8A5F22BD-3B09-4157-8B8C-5155147D5672}
		{849BA6EF-1412-4E3A-B2C6-1854ABC0BAE9} = {8A5F22BD-3B09-4157-8B8C-5155147D5672}
		{DE3BE815-E2BD-4D38-A190-50D3ECB039D0} = {8A5F22BD-3B09-4157-8B8C-5155147D5672}
		{D89D7757-F7CE-4DB2-895A-8919F4B6B97F} = {8A5F22BD-3B09-4157-8B8C-5155147D5672}
		{A57E3DEF-3984-4B3B-84CF-4BD0864154FA} = {8A5F22BD-3B09-4157-8B8C-5155147D5672}
	EndGlobalSection
	GlobalSection(ProjectConfigurationPlatforms) = postSolution
		{DCB8A871-6A1D-4AAD-A76D-4FCFF49DBE9A}.Debug|Any CPU.ActiveCfg = Debug|Any CPU
		{DCB8A871-6A1D-4AAD-A76D-4FCFF49DBE9A}.Debug|Any CPU.Build.0 = Debug|Any CPU
		{DCB8A871-6A1D-4AAD-A76D-4FCFF49DBE9A}.Release|Any CPU.ActiveCfg = Release|Any CPU
		{DCB8A871-6A1D-4AAD-A76D-4FCFF49DBE9A}.Release|Any CPU.Build.0 = Release|Any CPU
		{46E8907B-B23B-495E-995D-6D90C2326E20}.Debug|Any CPU.ActiveCfg = Debug|Any CPU
		{46E8907B-B23B-495E-995D-6D90C2326E20}.Debug|Any CPU.Build.0 = Debug|Any CPU
		{46E8907B-B23B-495E-995D-6D90C2326E20}.Release|Any CPU.ActiveCfg = Release|Any CPU
		{46E8907B-B23B-495E-995D-6D90C2326E20}.Release|Any CPU.Build.0 = Release|Any CPU
		{77C1546B-465D-4C2F-B53E-DF581F0522F8}.Debug|Any CPU.ActiveCfg = Debug|Any CPU
		{77C1546B-465D-4C2F-B53E-DF581F0522F8}.Debug|Any CPU.Build.0 = Debug|Any CPU
		{77C1546B-465D-4C2F-B53E-DF581F0522F8}.Release|Any CPU.ActiveCfg = Release|Any CPU
		{77C1546B-465D-4C2F-B53E-DF581F0522F8}.Release|Any CPU.Build.0 = Release|Any CPU
		{849BA6EF-1412-4E3A-B2C6-1854ABC0BAE9}.Debug|Any CPU.ActiveCfg = Debug|Any CPU
		{849BA6EF-1412-4E3A-B2C6-1854ABC0BAE9}.Debug|Any CPU.Build.0 = Debug|Any CPU
		{849BA6EF-1412-4E3A-B2C6-1854ABC0BAE9}.Release|Any CPU.ActiveCfg = Release|Any CPU
		{849BA6EF-1412-4E3A-B2C6-1854ABC0BAE9}.Release|Any CPU.Build.0 = Release|Any CPU
		{DE3BE815-E2BD-4D38-A190-50D3ECB039D0}.Debug|Any CPU.ActiveCfg = Debug|Any CPU
		{DE3BE815-E2BD-4D38-A190-50D3ECB039D0}.Debug|Any CPU.Build.0 = Debug|Any CPU
		{DE3BE815-E2BD-4D38-A190-50D3ECB039D0}.Release|Any CPU.ActiveCfg = Release|Any CPU
		{DE3BE815-E2BD-4D38-A190-50D3ECB039D0}.Release|Any CPU.Build.0 = Release|Any CPU
		{D89D7757-F7CE-4DB2-895A-8919F4B6B97F}.Debug|Any CPU.ActiveCfg = Debug|Any CPU
		{D89D7757-F7CE-4DB2-895A-8919F4B6B97F}.Debug|Any CPU.Build.0 = Debug|Any CPU
		{D89D7757-F7CE-4DB2-895A-8919F4B6B97F}.Release|Any CPU.ActiveCfg = Release|Any CPU
		{D89D7757-F7CE-4DB2-895A-8919F4B6B97F}.Release|Any CPU.Build.0 = Release|Any CPU
		{A57E3DEF-3984-4B3B-84CF-4BD0864154FA}.Debug|Any CPU.ActiveCfg = Debug|Any CPU
		{A57E3DEF-3984-4B3B-84CF-4BD0864154FA}.Debug|Any CPU.Build.0 = Debug|Any CPU
		{A57E3DEF-3984-4B3B-84CF-4BD0864154FA}.Release|Any CPU.ActiveCfg = Release|Any CPU
		{A57E3DEF-3984-4B3B-84CF-4BD0864154FA}.Release|Any CPU.Build.0 = Release|Any CPU
	EndGlobalSection
EndGlobal
