
Microsoft Visual Studio Solution File, Format Version 12.00
Project("{2150E333-8FDC-42A3-9474-1A3956D46DE8}") = "JobScheduler", "JobScheduler", "{F5A6CFA0-9C5A-473C-BE83-BCEE5E1CA5EC}"
EndProject
Project("{2150E333-8FDC-42A3-9474-1A3956D46DE8}") = "Clients", "Clients", "{97766658-E863-42EE-B1A7-FAC5AB2092AD}"
EndProject
Project("{FAE04EC0-301F-11D3-BF4B-00C04F79EFBC}") = "DistributedJobScheduler.Master.API", "JobScheduler\DistributedJobScheduler.Master.API\DistributedJobScheduler.Master.API.csproj", "{3888E47D-83A4-4671-8877-AABDCA6FE74C}"
EndProject
Project("{2150E333-8FDC-42A3-9474-1A3956D46DE8}") = "Shared", "Shared", "{63318D94-AEE8-489A-9F14-944CA267513D}"
EndProject
Project("{FAE04EC0-301F-11D3-BF4B-00C04F79EFBC}") = "DistributedJobScheduler.Shared", "Shared\DistributedJobScheduler.Shared\DistributedJobScheduler.Shared.csproj", "{A7DA3700-4DFD-4031-91BC-7ED9EB81217E}"
EndProject
Project("{FAE04EC0-301F-11D3-BF4B-00C04F79EFBC}") = "Clients.CLI", "Clients\Clients.CLI\Clients.CLI.csproj", "{9894D0C5-502B-4E80-83FE-3216B5F00EE1}"
EndProject
Project("{2150E333-8FDC-42A3-9474-1A3956D46DE8}") = "src", "src", "{8A5F22BD-3B09-4157-8B8C-5155147D5672}"
EndProject
Project("{FAE04EC0-301F-11D3-BF4B-00C04F79EFBC}") = "Worker.CLI", "src\Worker.CLI\Worker.CLI.csproj", "{DCB8A871-6A1D-4AAD-A76D-4FCFF49DBE9A}"
EndProject
Project("{2150E333-8FDC-42A3-9474-1A3956D46DE8}") = "Solution Items", "Solution Items", "{49FE19CE-861D-4A9A-BFB1-215C20530902}"
	ProjectSection(SolutionItems) = preProject
		.gitignore = .gitignore
		README.md = README.md
	EndProjectSection
EndProject
Project("{FAE04EC0-301F-11D3-BF4B-00C04F79EFBC}") = "Master.Rest", "src\Master.Rest\Master.Rest.csproj", "{46E8907B-B23B-495E-995D-6D90C2326E20}"
EndProject
Project("{FAE04EC0-301F-11D3-BF4B-00C04F79EFBC}") = "Master.Domain", "src\Master.Domain\Master.Domain.csproj", "{77C1546B-465D-4C2F-B53E-DF581F0522F8}"
EndProject
Global
	GlobalSection(SolutionConfigurationPlatforms) = preSolution
		Debug|Any CPU = Debug|Any CPU
		Release|Any CPU = Release|Any CPU
	EndGlobalSection
	GlobalSection(NestedProjects) = preSolution
		{3888E47D-83A4-4671-8877-AABDCA6FE74C} = {F5A6CFA0-9C5A-473C-BE83-BCEE5E1CA5EC}
		{A7DA3700-4DFD-4031-91BC-7ED9EB81217E} = {63318D94-AEE8-489A-9F14-944CA267513D}
		{9894D0C5-502B-4E80-83FE-3216B5F00EE1} = {97766658-E863-42EE-B1A7-FAC5AB2092AD}
		{DCB8A871-6A1D-4AAD-A76D-4FCFF49DBE9A} = {8A5F22BD-3B09-4157-8B8C-5155147D5672}
		{46E8907B-B23B-495E-995D-6D90C2326E20} = {8A5F22BD-3B09-4157-8B8C-5155147D5672}
		{77C1546B-465D-4C2F-B53E-DF581F0522F8} = {8A5F22BD-3B09-4157-8B8C-5155147D5672}
	EndGlobalSection
	GlobalSection(ProjectConfigurationPlatforms) = postSolution
		{3888E47D-83A4-4671-8877-AABDCA6FE74C}.Debug|Any CPU.ActiveCfg = Debug|Any CPU
		{3888E47D-83A4-4671-8877-AABDCA6FE74C}.Debug|Any CPU.Build.0 = Debug|Any CPU
		{3888E47D-83A4-4671-8877-AABDCA6FE74C}.Release|Any CPU.ActiveCfg = Release|Any CPU
		{3888E47D-83A4-4671-8877-AABDCA6FE74C}.Release|Any CPU.Build.0 = Release|Any CPU
		{A7DA3700-4DFD-4031-91BC-7ED9EB81217E}.Debug|Any CPU.ActiveCfg = Debug|Any CPU
		{A7DA3700-4DFD-4031-91BC-7ED9EB81217E}.Debug|Any CPU.Build.0 = Debug|Any CPU
		{A7DA3700-4DFD-4031-91BC-7ED9EB81217E}.Release|Any CPU.ActiveCfg = Release|Any CPU
		{A7DA3700-4DFD-4031-91BC-7ED9EB81217E}.Release|Any CPU.Build.0 = Release|Any CPU
		{9894D0C5-502B-4E80-83FE-3216B5F00EE1}.Debug|Any CPU.ActiveCfg = Debug|Any CPU
		{9894D0C5-502B-4E80-83FE-3216B5F00EE1}.Debug|Any CPU.Build.0 = Debug|Any CPU
		{9894D0C5-502B-4E80-83FE-3216B5F00EE1}.Release|Any CPU.ActiveCfg = Release|Any CPU
		{9894D0C5-502B-4E80-83FE-3216B5F00EE1}.Release|Any CPU.Build.0 = Release|Any CPU
		{DCB8A871-6A1D-4AAD-A76D-4FCFF49DBE9A}.Debug|Any CPU.ActiveCfg = Debug|Any CPU
		{DCB8A871-6A1D-4AAD-A76D-4FCFF49DBE9A}.Debug|Any CPU.Build.0 = Debug|Any CPU
		{DCB8A871-6A1D-4AAD-A76D-4FCFF49DBE9A}.Release|Any CPU.ActiveCfg = Release|Any CPU
		{DCB8A871-6A1D-4AAD-A76D-4FCFF49DBE9A}.Release|Any CPU.Build.0 = Release|Any CPU
		{46E8907B-B23B-495E-995D-6D90C2326E20}.Debug|Any CPU.ActiveCfg = Debug|Any CPU
		{46E8907B-B23B-495E-995D-6D90C2326E20}.Debug|Any CPU.Build.0 = Debug|Any CPU
		{46E8907B-B23B-495E-995D-6D90C2326E20}.Release|Any CPU.ActiveCfg = Release|Any CPU
		{46E8907B-B23B-495E-995D-6D90C2326E20}.Release|Any CPU.Build.0 = Release|Any CPU
		{77C1546B-465D-4C2F-B53E-DF581F0522F8}.Debug|Any CPU.ActiveCfg = Debug|Any CPU
		{77C1546B-465D-4C2F-B53E-DF581F0522F8}.Debug|Any CPU.Build.0 = Debug|Any CPU
		{77C1546B-465D-4C2F-B53E-DF581F0522F8}.Release|Any CPU.ActiveCfg = Release|Any CPU
		{77C1546B-465D-4C2F-B53E-DF581F0522F8}.Release|Any CPU.Build.0 = Release|Any CPU
	EndGlobalSection
EndGlobal
